
Microsoft Visual Studio Solution File, Format Version 12.00
# Visual Studio Version 17
VisualStudioVersion = 17.10.35122.118
MinimumVisualStudioVersion = 10.0.40219.1
Project("{9A19103F-16F7-4668-BE54-9A1E7A4F7556}") = "atividadeproc", "atividadeproc.csproj", "{348AB504-CFDB-4CFC-9E64-88171B30D33A}"
EndProject
Global
	GlobalSection(SolutionConfigurationPlatforms) = preSolution
		Debug|Any CPU = Debug|Any CPU
		Release|Any CPU = Release|Any CPU
	EndGlobalSection
	GlobalSection(ProjectConfigurationPlatforms) = postSolution
		{348AB504-CFDB-4CFC-9E64-88171B30D33A}.Debug|Any CPU.ActiveCfg = Debug|Any CPU
		{348AB504-CFDB-4CFC-9E64-88171B30D33A}.Debug|Any CPU.Build.0 = Debug|Any CPU
		{348AB504-CFDB-4CFC-9E64-88171B30D33A}.Release|Any CPU.ActiveCfg = Release|Any CPU
		{348AB504-CFDB-4CFC-9E64-88171B30D33A}.Release|Any CPU.Build.0 = Release|Any CPU
	EndGlobalSection
	GlobalSection(SolutionProperties) = preSolution
		HideSolutionNode = FALSE
	EndGlobalSection
	GlobalSection(ExtensibilityGlobals) = postSolution
		SolutionGuid = {C2B3B4B9-DF0C-4E84-B39C-3E294D479E53}
	EndGlobalSection
EndGlobal
